PODS:
  - FlutterMacOS (1.0.0)
  - launch_at_startup (0.1.0):
    - FlutterMacOS
  - package_info_plus_macos (0.0.1):
    - FlutterMacOS

DEPENDENCIES:
  - FlutterMacOS (from `Flutter/ephemeral`)
  - launch_at_startup (from `Flutter/ephemeral/.symlinks/plugins/launch_at_startup/macos`)
  - package_info_plus_macos (from `Flutter/ephemeral/.symlinks/plugins/package_info_plus_macos/macos`)

EXTERNAL SOURCES:
  FlutterMacOS:
    :path: Flutter/ephemeral
  launch_at_startup:
    :path: Flutter/ephemeral/.symlinks/plugins/launch_at_startup/macos
  package_info_plus_macos:
    :path: Flutter/ephemeral/.symlinks/plugins/package_info_plus_macos/macos

SPEC CHECKSUMS:
  FlutterMacOS: 57701585bf7de1b3fc2bb61f6378d73bbdea8424
  launch_at_startup: 9b19b44b67ed1328498983c050e1c6a69f2d2279
  package_info_plus_macos: f010621b07802a241d96d01876d6705f15e77c1c

PODFILE CHECKSUM: 6eac6b3292e5142cfc23bdeb71848a40ec51c14c

COCOAPODS: 1.11.2
